// !$*UTF8*$!
{
	archiveVersion = 1;
	classes = {
	};
	objectVersion = 51;
	objects = {

/* Begin PBXBuildFile section */
		0E31A92AF0ED7FEDBEC60696 /* libPods-YCNetWorking.a in Frameworks */ = {isa = PBXBuildFile; fileRef = 0FD140B147C80399664933C4 /* libPods-YCNetWorking.a */; };
		CF00BB9C25C1684600CE9568 /* AppDelegate.m in Sources */ = {isa = PBXBuildFile; fileRef = CF00BB9B25C1684600CE9568 /* AppDelegate.m */; };
		CF00BBA225C1684600CE9568 /* ViewController.m in Sources */ = {isa = PBXBuildFile; fileRef = CF00BBA125C1684600CE9568 /* ViewController.m */; };
		CF00BBA525C1684600CE9568 /* Main.storyboard in Resources */ = {isa = PBXBuildFile; fileRef = CF00BBA325C1684600CE9568 /* Main.storyboard */; };
		CF00BBA725C1684800CE9568 /* Assets.xcassets in Resources */ = {isa = PBXBuildFile; fileRef = CF00BBA625C1684800CE9568 /* Assets.xcassets */; };
		CF00BBAA25C1684800CE9568 /* LaunchScreen.storyboard in Resources */ = {isa = PBXBuildFile; fileRef = CF00BBA825C1684800CE9568 /* LaunchScreen.storyboard */; };
		CF00BBAD25C1684800CE9568 /* main.m in Sources */ = {isa = PBXBuildFile; fileRef = CF00BBAC25C1684800CE9568 /* main.m */; };
		CF00BBCA25C18F3800CE9568 /* YCViewController.m in Sources */ = {isa = PBXBuildFile; fileRef = CF00BBC925C18F3800CE9568 /* YCViewController.m */; };
		CF61F43A25E20DA400C2B52A /* YCTool.m in Sources */ = {isa = PBXBuildFile; fileRef = CF61F43925E20DA400C2B52A /* YCTool.m */; };
		CF61F43F25E20FC400C2B52A /* YCTool+Device.m in Sources */ = {isa = PBXBuildFile; fileRef = CF61F43E25E20FC400C2B52A /* YCTool+Device.m */; };
		CFB7D38725C2B5B000BF5B07 /* MainViewController.m in Sources */ = {isa = PBXBuildFile; fileRef = CFB7D38625C2B5B000BF5B07 /* MainViewController.m */; };
/* End PBXBuildFile section */

/* Begin PBXFileReference section */
		0FD140B147C80399664933C4 /* libPods-YCNetWorking.a */ = {isa = PBXFileReference; explicitFileType = archive.ar; includeInIndex = 0; path = "libPods-YCNetWorking.a"; sourceTree = BUILT_PRODUCTS_DIR; };
		2EA1E99DEB98174B73C201C8 /* Pods-YCNetWorking.release.xcconfig */ = {isa = PBXFileReference; includeInIndex = 1; lastKnownFileType = text.xcconfig; name = "Pods-YCNetWorking.release.xcconfig"; path = "Target Support Files/Pods-YCNetWorking/Pods-YCNetWorking.release.xcconfig"; sourceTree = "<group>"; };
		B5D6758FEC290A4095009DA2 /* Pods-YCNetWorking.debug.xcconfig */ = {isa = PBXFileReference; includeInIndex = 1; lastKnownFileType = text.xcconfig; name = "Pods-YCNetWorking.debug.xcconfig"; path = "Target Support Files/Pods-YCNetWorking/Pods-YCNetWorking.debug.xcconfig"; sourceTree = "<group>"; };
		CF00BB9725C1684600CE9568 /* YCNetWorking.app */ = {isa = PBXFileReference; explicitFileType = wrapper.application; includeInIndex = 0; path = YCNetWorking.app; sourceTree = BUILT_PRODUCTS_DIR; };
		CF00BB9A25C1684600CE9568 /* AppDelegate.h */ = {isa = PBXFileReference; lastKnownFileType = sourcecode.c.h; path = AppDelegate.h; sourceTree = "<group>"; };
		CF00BB9B25C1684600CE9568 /* AppDelegate.m */ = {isa = PBXFileReference; lastKnownFileType = sourcecode.c.objc; path = AppDelegate.m; sourceTree = "<group>"; };
		CF00BBA025C1684600CE9568 /* ViewController.h */ = {isa = PBXFileReference; lastKnownFileType = sourcecode.c.h; path = ViewController.h; sourceTree = "<group>"; };
		CF00BBA125C1684600CE9568 /* ViewController.m */ = {isa = PBXFileReference; lastKnownFileType = sourcecode.c.objc; path = ViewController.m; sourceTree = "<group>"; };
		CF00BBA425C1684600CE9568 /* Base */ = {isa = PBXFileReference; lastKnownFileType = file.storyboard; name = Base; path = Base.lproj/Main.storyboard; sourceTree = "<group>"; };
		CF00BBA625C1684800CE9568 /* Assets.xcassets */ = {isa = PBXFileReference; lastKnownFileType = folder.assetcatalog; path = Assets.xcassets; sourceTree = "<group>"; };
		CF00BBA925C1684800CE9568 /* Base */ = {isa = PBXFileReference; lastKnownFileType = file.storyboard; name = Base; path = Base.lproj/LaunchScreen.storyboard; sourceTree = "<group>"; };
		CF00BBAB25C1684800CE9568 /* Info.plist */ = {isa = PBXFileReference; lastKnownFileType = text.plist.xml; path = Info.plist; sourceTree = "<group>"; };
		CF00BBAC25C1684800CE9568 /* main.m */ = {isa = PBXFileReference; lastKnownFileType = sourcecode.c.objc; path = main.m; sourceTree = "<group>"; };
		CF00BBC825C18F3800CE9568 /* YCViewController.h */ = {isa = PBXFileReference; lastKnownFileType = sourcecode.c.h; path = YCViewController.h; sourceTree = "<group>"; };
		CF00BBC925C18F3800CE9568 /* YCViewController.m */ = {isa = PBXFileReference; lastKnownFileType = sourcecode.c.objc; path = YCViewController.m; sourceTree = "<group>"; };
		CF61F43825E20DA400C2B52A /* YCTool.h */ = {isa = PBXFileReference; lastKnownFileType = sourcecode.c.h; path = YCTool.h; sourceTree = "<group>"; };
		CF61F43925E20DA400C2B52A /* YCTool.m */ = {isa = PBXFileReference; lastKnownFileType = sourcecode.c.objc; path = YCTool.m; sourceTree = "<group>"; };
		CF61F43D25E20FC400C2B52A /* YCTool+Device.h */ = {isa = PBXFileReference; lastKnownFileType = sourcecode.c.h; path = "YCTool+Device.h"; sourceTree = "<group>"; };
		CF61F43E25E20FC400C2B52A /* YCTool+Device.m */ = {isa = PBXFileReference; lastKnownFileType = sourcecode.c.objc; path = "YCTool+Device.m"; sourceTree = "<group>"; };
		CFB7D37625C2A83500BF5B07 /* PrefixHeader.pch */ = {isa = PBXFileReference; lastKnownFileType = sourcecode.c.h; path = PrefixHeader.pch; sourceTree = "<group>"; };
		CFB7D38525C2B5B000BF5B07 /* MainViewController.h */ = {isa = PBXFileReference; lastKnownFileType = sourcecode.c.h; path = MainViewController.h; sourceTree = "<group>"; };
		CFB7D38625C2B5B000BF5B07 /* MainViewController.m */ = {isa = PBXFileReference; lastKnownFileType = sourcecode.c.objc; path = MainViewController.m; sourceTree = "<group>"; };
/* End PBXFileReference section */

/* Begin PBXFrameworksBuildPhase section */
		CF00BB9425C1684600CE9568 /* Frameworks */ = {
			isa = PBXFrameworksBuildPhase;
			buildActionMask = 2147483647;
			files = (
				0E31A92AF0ED7FEDBEC60696 /* libPods-YCNetWorking.a in Frameworks */,
			);
			runOnlyForDeploymentPostprocessing = 0;
		};
/* End PBXFrameworksBuildPhase section */

/* Begin PBXGroup section */
		0E6F6305569B5601789F0AEB /* Frameworks */ = {
			isa = PBXGroup;
			children = (
				0FD140B147C80399664933C4 /* libPods-YCNetWorking.a */,
			);
			name = Frameworks;
			sourceTree = "<group>";
		};
		A359F6CDD636AF60B12399B1 /* Pods */ = {
			isa = PBXGroup;
			children = (
				B5D6758FEC290A4095009DA2 /* Pods-YCNetWorking.debug.xcconfig */,
				2EA1E99DEB98174B73C201C8 /* Pods-YCNetWorking.release.xcconfig */,
			);
			path = Pods;
			sourceTree = "<group>";
		};
		CF00BB8E25C1684600CE9568 = {
			isa = PBXGroup;
			children = (
				CF00BB9925C1684600CE9568 /* YCNetWorking */,
				CF00BB9825C1684600CE9568 /* Products */,
				A359F6CDD636AF60B12399B1 /* Pods */,
				0E6F6305569B5601789F0AEB /* Frameworks */,
			);
			sourceTree = "<group>";
		};
		CF00BB9825C1684600CE9568 /* Products */ = {
			isa = PBXGroup;
			children = (
				CF00BB9725C1684600CE9568 /* YCNetWorking.app */,
			);
			name = Products;
			sourceTree = "<group>";
		};
		CF00BB9925C1684600CE9568 /* YCNetWorking */ = {
			isa = PBXGroup;
			children = (
				CFB7D38425C2B58B00BF5B07 /* MainController */,
				CF00BBC725C18E8A00CE9568 /* BasicComponent  */,
				CF00BB9A25C1684600CE9568 /* AppDelegate.h */,
				CF00BB9B25C1684600CE9568 /* AppDelegate.m */,
				CFB7D37625C2A83500BF5B07 /* PrefixHeader.pch */,
				CF00BBA025C1684600CE9568 /* ViewController.h */,
				CF00BBA125C1684600CE9568 /* ViewController.m */,
				CF00BBA325C1684600CE9568 /* Main.storyboard */,
				CF00BBA625C1684800CE9568 /* Assets.xcassets */,
				CF00BBA825C1684800CE9568 /* LaunchScreen.storyboard */,
				CF00BBAB25C1684800CE9568 /* Info.plist */,
				CF00BBAC25C1684800CE9568 /* main.m */,
			);
			path = YCNetWorking;
			sourceTree = "<group>";
		};
		CF00BBC725C18E8A00CE9568 /* BasicComponent  */ = {
			isa = PBXGroup;
			children = (
				CFB7D38225C2AADC00BF5B07 /* Networking */,
				CFB7D38125C2AACE00BF5B07 /* Tool */,
				CFB7D38025C2AAC300BF5B07 /* Tabbar */,
				CFB7D37F25C2AAB800BF5B07 /* NavigationController */,
				CFB7D37E25C2AAA900BF5B07 /* ViewController */,
			);
			path = "BasicComponent ";
			sourceTree = "<group>";
		};
		CFB7D37E25C2AAA900BF5B07 /* ViewController */ = {
			isa = PBXGroup;
			children = (
				CF00BBC825C18F3800CE9568 /* YCViewController.h */,
				CF00BBC925C18F3800CE9568 /* YCViewController.m */,
			);
			path = ViewController;
			sourceTree = "<group>";
		};
		CFB7D37F25C2AAB800BF5B07 /* NavigationController */ = {
			isa = PBXGroup;
			children = (
			);
			path = NavigationController;
			sourceTree = "<group>";
		};
		CFB7D38025C2AAC300BF5B07 /* Tabbar */ = {
			isa = PBXGroup;
			children = (
			);
			path = Tabbar;
			sourceTree = "<group>";
		};
		CFB7D38125C2AACE00BF5B07 /* Tool */ = {
			isa = PBXGroup;
			children = (
				CF61F43825E20DA400C2B52A /* YCTool.h */,
				CF61F43925E20DA400C2B52A /* YCTool.m */,
				CF61F43D25E20FC400C2B52A /* YCTool+Device.h */,
				CF61F43E25E20FC400C2B52A /* YCTool+Device.m */,
			);
			path = Tool;
			sourceTree = "<group>";
		};
		CFB7D38225C2AADC00BF5B07 /* Networking */ = {
			isa = PBXGroup;
			children = (
			);
			path = Networking;
			sourceTree = "<group>";
		};
		CFB7D38425C2B58B00BF5B07 /* MainController */ = {
			isa = PBXGroup;
			children = (
				CFB7D38525C2B5B000BF5B07 /* MainViewController.h */,
				CFB7D38625C2B5B000BF5B07 /* MainViewController.m */,
			);
			path = MainController;
			sourceTree = "<group>";
		};
/* End PBXGroup section */

/* Begin PBXNativeTarget section */
		CF00BB9625C1684600CE9568 /* YCNetWorking */ = {
			isa = PBXNativeTarget;
			buildConfigurationList = CF00BBB025C1684800CE9568 /* Build configuration list for PBXNativeTarget "YCNetWorking" */;
			buildPhases = (
				FBC40290B6431421B5324738 /* [CP] Check Pods Manifest.lock */,
				CF00BB9325C1684600CE9568 /* Sources */,
				CF00BB9425C1684600CE9568 /* Frameworks */,
				CF00BB9525C1684600CE9568 /* Resources */,
				CDED2AE7BFC2B52B5419FD9F /* [CP] Copy Pods Resources */,
			);
			buildRules = (
			);
			dependencies = (
			);
			name = YCNetWorking;
			productName = YCNetWorking;
			productReference = CF00BB9725C1684600CE9568 /* YCNetWorking.app */;
			productType = "com.apple.product-type.application";
		};
/* End PBXNativeTarget section */

/* Begin PBXProject section */
		CF00BB8F25C1684600CE9568 /* Project object */ = {
			isa = PBXProject;
			attributes = {
				LastUpgradeCheck = 1240;
				TargetAttributes = {
					CF00BB9625C1684600CE9568 = {
						CreatedOnToolsVersion = 12.4;
					};
				};
			};
			buildConfigurationList = CF00BB9225C1684600CE9568 /* Build configuration list for PBXProject "YCNetWorking" */;
			compatibilityVersion = "Xcode 9.3";
			developmentRegion = en;
			hasScannedForEncodings = 0;
			knownRegions = (
				en,
				Base,
			);
			mainGroup = CF00BB8E25C1684600CE9568;
			productRefGroup = CF00BB9825C1684600CE9568 /* Products */;
			projectDirPath = "";
			projectRoot = "";
			targets = (
				CF00BB9625C1684600CE9568 /* YCNetWorking */,
			);
		};
/* End PBXProject section */

/* Begin PBXResourcesBuildPhase section */
		CF00BB9525C1684600CE9568 /* Resources */ = {
			isa = PBXResourcesBuildPhase;
			buildActionMask = 2147483647;
			files = (
				CF00BBAA25C1684800CE9568 /* LaunchScreen.storyboard in Resources */,
				CF00BBA725C1684800CE9568 /* Assets.xcassets in Resources */,
				CF00BBA525C1684600CE9568 /* Main.storyboard in Resources */,
			);
			runOnlyForDeploymentPostprocessing = 0;
		};
/* End PBXResourcesBuildPhase section */

/* Begin PBXShellScriptBuildPhase section */
		CDED2AE7BFC2B52B5419FD9F /* [CP] Copy Pods Resources */ = {
			isa = PBXShellScriptBuildPhase;
			buildActionMask = 2147483647;
			files = (
			);
			inputFileListPaths = (
				"${PODS_ROOT}/Target Support Files/Pods-YCNetWorking/Pods-YCNetWorking-resources-${CONFIGURATION}-input-files.xcfilelist",
			);
			name = "[CP] Copy Pods Resources";
			outputFileListPaths = (
				"${PODS_ROOT}/Target Support Files/Pods-YCNetWorking/Pods-YCNetWorking-resources-${CONFIGURATION}-output-files.xcfilelist",
			);
			runOnlyForDeploymentPostprocessing = 0;
			shellPath = /bin/sh;
			shellScript = "\"${PODS_ROOT}/Target Support Files/Pods-YCNetWorking/Pods-YCNetWorking-resources.sh\"\n";
			showEnvVarsInLog = 0;
		};
		FBC40290B6431421B5324738 /* [CP] Check Pods Manifest.lock */ = {
			isa = PBXShellScriptBuildPhase;
			buildActionMask = 2147483647;
			files = (
			);
			inputFileListPaths = (
			);
			inputPaths = (
				"${PODS_PODFILE_DIR_PATH}/Podfile.lock",
				"${PODS_ROOT}/Manifest.lock",
			);
			name = "[CP] Check Pods Manifest.lock";
			outputFileListPaths = (
			);
			outputPaths = (
				"$(DERIVED_FILE_DIR)/Pods-YCNetWorking-checkManifestLockResult.txt",
			);
			runOnlyForDeploymentPostprocessing = 0;
			shellPath = /bin/sh;
			shellScript = "diff \"${PODS_PODFILE_DIR_PATH}/Podfile.lock\" \"${PODS_ROOT}/Manifest.lock\" > /dev/null\nif [ $? != 0 ] ; then\n    # print error to STDERR\n    echo \"error: The sandbox is not in sync with the Podfile.lock. Run 'pod install' or update your CocoaPods installation.\" >&2\n    exit 1\nfi\n# This output is used by Xcode 'outputs' to avoid re-running this script phase.\necho \"SUCCESS\" > \"${SCRIPT_OUTPUT_FILE_0}\"\n";
			showEnvVarsInLog = 0;
		};
/* End PBXShellScriptBuildPhase section */

/* Begin PBXSourcesBuildPhase section */
		CF00BB9325C1684600CE9568 /* Sources */ = {
			isa = PBXSourcesBuildPhase;
			buildActionMask = 2147483647;
			files = (
				CF00BBCA25C18F3800CE9568 /* YCViewController.m in Sources */,
				CF00BBA225C1684600CE9568 /* ViewController.m in Sources */,
				CF00BB9C25C1684600CE9568 /* AppDelegate.m in Sources */,
				CFB7D38725C2B5B000BF5B07 /* MainViewController.m in Sources */,
				CF00BBAD25C1684800CE9568 /* main.m in Sources */,
				CF61F43A25E20DA400C2B52A /* YCTool.m in Sources */,
				CF61F43F25E20FC400C2B52A /* YCTool+Device.m in Sources */,
			);
			runOnlyForDeploymentPostprocessing = 0;
		};
/* End PBXSourcesBuildPhase section */

/* Begin PBXVariantGroup section */
		CF00BBA325C1684600CE9568 /* Main.storyboard */ = {
			isa = PBXVariantGroup;
			children = (
				CF00BBA425C1684600CE9568 /* Base */,
			);
			name = Main.storyboard;
			sourceTree = "<group>";
		};
		CF00BBA825C1684800CE9568 /* LaunchScreen.storyboard */ = {
			isa = PBXVariantGroup;
			children = (
				CF00BBA925C1684800CE9568 /* Base */,
			);
			name = LaunchScreen.storyboard;
			sourceTree = "<group>";
		};
/* End PBXVariantGroup section */

/* Begin XCBuildConfiguration section */
		CF00BBAE25C1684800CE9568 /* Debug */ = {
			isa = XCBuildConfiguration;
			buildSettings = {
				ALWAYS_SEARCH_USER_PATHS = NO;
				CLANG_ANALYZER_NONNULL = YES;
				CLANG_ANALYZER_NUMBER_OBJECT_CONVERSION = YES_AGGRESSIVE;
				CLANG_CXX_LANGUAGE_STANDARD = "gnu++14";
				CLANG_CXX_LIBRARY = "libc++";
				CLANG_ENABLE_MODULES = YES;
				CLANG_ENABLE_OBJC_ARC = YES;
				CLANG_ENABLE_OBJC_WEAK = YES;
				CLANG_WARN_BLOCK_CAPTURE_AUTORELEASING = YES;
				CLANG_WARN_BOOL_CONVERSION = YES;
				CLANG_WARN_COMMA = YES;
				CLANG_WARN_CONSTANT_CONVERSION = YES;
				CLANG_WARN_DEPRECATED_OBJC_IMPLEMENTATIONS = YES;
				CLANG_WARN_DIRECT_OBJC_ISA_USAGE = YES_ERROR;
				CLANG_WARN_DOCUMENTATION_COMMENTS = YES;
				CLANG_WARN_EMPTY_BODY = YES;
				CLANG_WARN_ENUM_CONVERSION = YES;
				CLANG_WARN_INFINITE_RECURSION = YES;
				CLANG_WARN_INT_CONVERSION = YES;
				CLANG_WARN_NON_LITERAL_NULL_CONVERSION = YES;
				CLANG_WARN_OBJC_IMPLICIT_RETAIN_SELF = YES;
				CLANG_WARN_OBJC_LITERAL_CONVERSION = YES;
				CLANG_WARN_OBJC_ROOT_CLASS = YES_ERROR;
				CLANG_WARN_QUOTED_INCLUDE_IN_FRAMEWORK_HEADER = YES;
				CLANG_WARN_RANGE_LOOP_ANALYSIS = YES;
				CLANG_WARN_STRICT_PROTOTYPES = YES;
				CLANG_WARN_SUSPICIOUS_MOVE = YES;
				CLANG_WARN_UNGUARDED_AVAILABILITY = YES_AGGRESSIVE;
				CLANG_WARN_UNREACHABLE_CODE = YES;
				CLANG_WARN__DUPLICATE_METHOD_MATCH = YES;
				COPY_PHASE_STRIP = NO;
				DEBUG_INFORMATION_FORMAT = dwarf;
				ENABLE_STRICT_OBJC_MSGSEND = YES;
				ENABLE_TESTABILITY = YES;
				GCC_C_LANGUAGE_STANDARD = gnu11;
				GCC_DYNAMIC_NO_PIC = NO;
				GCC_NO_COMMON_BLOCKS = YES;
				GCC_OPTIMIZATION_LEVEL = 0;
				GCC_PRECOMPILE_PREFIX_HEADER = YES;
				GCC_PREPROCESSOR_DEFINITIONS = (
					"DEBUG=1",
					"$(inherited)",
				);
				GCC_WARN_64_TO_32_BIT_CONVERSION = YES;
				GCC_WARN_ABOUT_RETURN_TYPE = YES_ERROR;
				GCC_WARN_UNDECLARED_SELECTOR = YES;
				GCC_WARN_UNINITIALIZED_AUTOS = YES_AGGRESSIVE;
				GCC_WARN_UNUSED_FUNCTION = YES;
				GCC_WARN_UNUSED_VARIABLE = YES;
				IPHONEOS_DEPLOYMENT_TARGET = 14.4;
				MTL_ENABLE_DEBUG_INFO = INCLUDE_SOURCE;
				MTL_FAST_MATH = YES;
				ONLY_ACTIVE_ARCH = YES;
				SDKROOT = iphoneos;
			};
			name = Debug;
		};
		CF00BBAF25C1684800CE9568 /* Release */ = {
			isa = XCBuildConfiguration;
			buildSettings = {
				ALWAYS_SEARCH_USER_PATHS = NO;
				CLANG_ANALYZER_NONNULL = YES;
				CLANG_ANALYZER_NUMBER_OBJECT_CONVERSION = YES_AGGRESSIVE;
				CLANG_CXX_LANGUAGE_STANDARD = "gnu++14";
				CLANG_CXX_LIBRARY = "libc++";
				CLANG_ENABLE_MODULES = YES;
				CLANG_ENABLE_OBJC_ARC = YES;
				CLANG_ENABLE_OBJC_WEAK = YES;
				CLANG_WARN_BLOCK_CAPTURE_AUTORELEASING = YES;
				CLANG_WARN_BOOL_CONVERSION = YES;
				CLANG_WARN_COMMA = YES;
				CLANG_WARN_CONSTANT_CONVERSION = YES;
				CLANG_WARN_DEPRECATED_OBJC_IMPLEMENTATIONS = YES;
				CLANG_WARN_DIRECT_OBJC_ISA_USAGE = YES_ERROR;
				CLANG_WARN_DOCUMENTATION_COMMENTS = YES;
				CLANG_WARN_EMPTY_BODY = YES;
				CLANG_WARN_ENUM_CONVERSION = YES;
				CLANG_WARN_INFINITE_RECURSION = YES;
				CLANG_WARN_INT_CONVERSION = YES;
				CLANG_WARN_NON_LITERAL_NULL_CONVERSION = YES;
				CLANG_WARN_OBJC_IMPLICIT_RETAIN_SELF = YES;
				CLANG_WARN_OBJC_LITERAL_CONVERSION = YES;
				CLANG_WARN_OBJC_ROOT_CLASS = YES_ERROR;
				CLANG_WARN_QUOTED_INCLUDE_IN_FRAMEWORK_HEADER = YES;
				CLANG_WARN_RANGE_LOOP_ANALYSIS = YES;
				CLANG_WARN_STRICT_PROTOTYPES = YES;
				CLANG_WARN_SUSPICIOUS_MOVE = YES;
				CLANG_WARN_UNGUARDED_AVAILABILITY = YES_AGGRESSIVE;
				CLANG_WARN_UNREACHABLE_CODE = YES;
				CLANG_WARN__DUPLICATE_METHOD_MATCH = YES;
				COPY_PHASE_STRIP = NO;
				DEBUG_INFORMATION_FORMAT = "dwarf-with-dsym";
				ENABLE_NS_ASSERTIONS = NO;
				ENABLE_STRICT_OBJC_MSGSEND = YES;
				GCC_C_LANGUAGE_STANDARD = gnu11;
				GCC_NO_COMMON_BLOCKS = YES;
				GCC_PRECOMPILE_PREFIX_HEADER = YES;
				GCC_WARN_64_TO_32_BIT_CONVERSION = YES;
				GCC_WARN_ABOUT_RETURN_TYPE = YES_ERROR;
				GCC_WARN_UNDECLARED_SELECTOR = YES;
				GCC_WARN_UNINITIALIZED_AUTOS = YES_AGGRESSIVE;
				GCC_WARN_UNUSED_FUNCTION = YES;
				GCC_WARN_UNUSED_VARIABLE = YES;
				IPHONEOS_DEPLOYMENT_TARGET = 14.4;
				MTL_ENABLE_DEBUG_INFO = NO;
				MTL_FAST_MATH = YES;
				SDKROOT = iphoneos;
				VALIDATE_PRODUCT = YES;
			};
			name = Release;
		};
		CF00BBB125C1684800CE9568 /* Debug */ = {
			isa = XCBuildConfiguration;
			baseConfigurationReference = B5D6758FEC290A4095009DA2 /* Pods-YCNetWorking.debug.xcconfig */;
			buildSettings = {
				ASSETCATALOG_COMPILER_APPICON_NAME = AppIcon;
				ASSETCATALOG_COMPILER_GLOBAL_ACCENT_COLOR_NAME = AccentColor;
				CODE_SIGN_STYLE = Automatic;
				DEVELOPMENT_TEAM = 27LTLHMCGP;
				GCC_PRECOMPILE_PREFIX_HEADER = YES;
				GCC_PREFIX_HEADER = YCNetWorking/PrefixHeader.pch;
				INFOPLIST_FILE = YCNetWorking/Info.plist;
				LD_RUNPATH_SEARCH_PATHS = (
					"$(inherited)",
					"@executable_path/Frameworks",
				);
				PRODUCT_BUNDLE_IDENTIFIER = com.mywebsite.YCNetWorking;
				PRODUCT_NAME = "$(TARGET_NAME)";
				TARGETED_DEVICE_FAMILY = "1,2";
			};
			name = Debug;
		};
		CF00BBB225C1684800CE9568 /* Release */ = {
			isa = XCBuildConfiguration;
			baseConfigurationReference = 2EA1E99DEB98174B73C201C8 /* Pods-YCNetWorking.release.xcconfig */;
			buildSettings = {
				ASSETCATALOG_COMPILER_APPICON_NAME = AppIcon;
				ASSETCATALOG_COMPILER_GLOBAL_ACCENT_COLOR_NAME = AccentColor;
				CODE_SIGN_STYLE = Automatic;
				DEVELOPMENT_TEAM = 27LTLHMCGP;
				GCC_PRECOMPILE_PREFIX_HEADER = YES;
				GCC_PREFIX_HEADER = YCNetWorking/PrefixHeader.pch;
				INFOPLIST_FILE = YCNetWorking/Info.plist;
				LD_RUNPATH_SEARCH_PATHS = (
					"$(inherited)",
					"@executable_path/Frameworks",
				);
				PRODUCT_BUNDLE_IDENTIFIER = com.mywebsite.YCNetWorking;
				PRODUCT_NAME = "$(TARGET_NAME)";
				TARGETED_DEVICE_FAMILY = "1,2";
			};
			name = Release;
		};
/* End XCBuildConfiguration section */

/* Begin XCConfigurationList section */
		CF00BB9225C1684600CE9568 /* Build configuration list for PBXProject "YCNetWorking" */ = {
			isa = XCConfigurationList;
			buildConfigurations = (
				CF00BBAE25C1684800CE9568 /* Debug */,
				CF00BBAF25C1684800CE9568 /* Release */,
			);
			defaultConfigurationIsVisible = 0;
			defaultConfigurationName = Release;
		};
		CF00BBB025C1684800CE9568 /* Build configuration list for PBXNativeTarget "YCNetWorking" */ = {
			isa = XCConfigurationList;
			buildConfigurations = (
				CF00BBB125C1684800CE9568 /* Debug */,
				CF00BBB225C1684800CE9568 /* Release */,
			);
			defaultConfigurationIsVisible = 0;
			defaultConfigurationName = Release;
		};
/* End XCConfigurationList section */
	};
	rootObject = CF00BB8F25C1684600CE9568 /* Project object */;
}
